{
  "originHash" : "d378874644005a42fe5c5448269610ae930ce2b443ba5a5e596c651b0d0b8563",
  "pins" : [
    {
      "identity" : "swift-argument-parser",
      "kind" : "remoteSourceControl",
      "location" : "https://github.com/apple/swift-argument-parser",
      "state" : {
        "revision" : "41982a3656a71c768319979febd796c6fd111d5c",
        "version" : "1.5.0"
      }
    },
    {
      "identity" : "unxip",
      "kind" : "remoteSourceControl",
      "location" : "https://github.com/saagarjha/unxip",
      "state" : {
        "branch" : "main",
        "revision" : "0348f523cf633a92dc9e5b23c6a1fe701f6f8098"
      }
    }
  ],
  "version" : 3
}
