{
  "pins" : [
    {
      "identity" : "swift-argument-parser",
      "kind" : "remoteSourceControl",
      "location" : "https://github.com/apple/swift-argument-parser",
      "state" : {
        "revision" : "0fbc8848e389af3bb55c182bc19ca9d5dc2f255b",
        "version" : "1.4.0"
      }
    },
    {
      "identity" : "unxip",
      "kind" : "remoteSourceControl",
      "location" : "https://github.com/saagarjha/unxip",
      "state" : {
        "revision" : "aeb6160a8a8e8b2bdc2e0b9f747a4b941046c624",
        "version" : "3.0.0"
      }
    }
  ],
  "version" : 2
}
