{
  "pins" : [
    {
      "identity" : "swift-argument-parser",
      "kind" : "remoteSourceControl",
      "location" : "https://github.com/craigsiemens/swift-argument-parser",
      "state" : {
        "branch" : "zsh-completion-option-group-646",
        "revision" : "790feb26c99e0c89580be38f8b103344eabc226e"
      }
    },
    {
      "identity" : "unxip",
      "kind" : "remoteSourceControl",
      "location" : "https://github.com/saagarjha/unxip",
      "state" : {
        "revision" : "aeb6160a8a8e8b2bdc2e0b9f747a4b941046c624",
        "version" : "3.0.0"
      }
    }
  ],
  "version" : 2
}
